git.indece.com/bausparwelt24/bw-service-offer v0.0.0-20191203020032-51666572bf3e h1:DJz5zDJmty7Mn/IURexYK/mw4x86ql4igKZ8G9miWAI=
git.indece.com/bausparwelt24/bw-service-offer v0.0.0-20191203020032-51666572bf3e/go.mod h1:XimNQ0TPgWEf5bKtjgbnpWmdtfTqsDqn23IL/43AL4A=
git.indece.com/cdca/cc-go-service v0.0.0-20190806205017-1f9429f7d94d/go.mod h1:ES26qaYz0eq8CBA8l81MAdt+sXv7YjxjUbW2oGI2qOo=
git.indece.com/cdca/cc-service-auth v0.0.0-20200114024131-3f823c31260a h1:7GeX1Yzt+IVwzDkDlNMAwLaVpZH/ihd8j+PdLOZTP1k=
git.indece.com/cdca/cc-service-auth v0.0.0-20200114024131-3f823c31260a/go.mod h1:QtVawoKeNYu3/TYq1j2AwQj3rBqdbwdQGsHqw+vxujk=
git.indece.com/indece-common/ic-go-service v0.0.0-20191202211827-82de4adbe2d8 h1:pZv7gqUOfCi4Mf2Gewz/MRxdlqc4CFaBPtcY7cUZoAc=
git.indece.com/indece-common/ic-go-service v0.0.0-20191202211827-82de4adbe2d8/go.mod h1:qsKu+/+NKwkjcvfoHQ1qpcrg9T0+IrXURDFzdzsYtUk=
github.com/actgardner/gogen-avro v6.2.1-0.20190921131358-53f1d04799a9+incompatible/go.mod h1:N2PzqZtS+5w9xxGp2daeykhWdTL0lBiRhbbvkVj4Yd8=
github.com/armon/go-radix v1.0.0/go.mod h1:ufUuZ+zHj4x4TnLV4JWEpy2hxWSpsRywHrMgIH9cCH8=
github.com/betacraft/easytags v1.0.2/go.mod h1:g3FkpCCFj2YbU+JDDXfumrmJpxj0ZJ/+szwQM5JkWZ8=
github.com/chakrit/go-bunyan v0.0.0-20140303180041-5a9b5e7b1765 h1:HUh++FEzizTfAmUDGMWSZaa8rrh2o4/Mley/RdNjHn8=
github.com/chakrit/go-bunyan v0.0.0-20140303180041-5a9b5e7b1765/go.mod h1:m9evZ3bBCZccBQE5sSXJHmUStUkXIoA3iLjyBmSzRwA=
github.com/confluentinc/confluent-kafka-go v1.0.0 h1:y+G9NTXsvoelf1cRzjtLKOZsPqh71noS4+t+e+eINIk=
github.com/confluentinc/confluent-kafka-go v1.0.0/go.mod h1:u2zNLny2xq+5rWeTQjFHbDzzNuba4P1vo31r9r4uAdg=
github.com/davecgh/go-spew v1.1.0/go.mod h1:J7Y8YcW2NihsgmVo/mv3lAwl/skON4iLHjSsI+c5H38=
github.com/davecgh/go-spew v1.1.1 h1:vj9j/u1bqnvCEfJOwUhtlOARqs3+rkHYY13jYWTU97c=
github.com/davecgh/go-spew v1.1.1/go.mod h1:J7Y8YcW2NihsgmVo/mv3lAwl/skON4iLHjSsI+c5H38=
github.com/dgrijalva/jwt-go v3.2.0+incompatible h1:7qlOGliEKZXTDg6OTjfoBKDXWrumCAMpl/TFQ4/5kLM=
github.com/dgrijalva/jwt-go v3.2.0+incompatible/go.mod h1:E3ru+11k8xSBh+hMPgOLZmtrrCbhqsmaPHjLKYnJCaQ=
github.com/elastic/go-sysinfo v1.0.1/go.mod h1:O/D5m1VpYLwGjCYzEt63g3Z1uO3jXfwyzzjiW90t8cY=
github.com/elastic/go-windows v1.0.0/go.mod h1:TsU0Nrp7/y3+VwE82FoZF8gC/XFg/Elz6CcloAxnPgU=
github.com/garyburd/redigo v1.6.0 h1:0VruCpn7yAIIu7pWVClQC8wxCJEcG3nyzpMSHKi1PQc=
github.com/garyburd/redigo v1.6.0/go.mod h1:NR3MbYisc3/PwhQ00EMzDiPmrwpPxAn5GI05/YaO1SY=
github.com/go-chi/chi v4.0.2+incompatible/go.mod h1:eB3wogJHnLi3x/kFX2A+IbTBlXxmMeXJVKy9tTv1XzQ=
github.com/golang/snappy v0.0.1/go.mod h1:/XxbfmMg8lxefKM7IXC3fBNl/7bRcc72aCRzEWrmP2Q=
github.com/google/go-cmp v0.3.0/go.mod h1:8QqcDgzrUqlUb/G2PQTWiueGozuR1884gddMywk6iLU=
github.com/h2non/bimg v1.0.19/go.mod h1:R3+UiYwkK4rQl6KVFTOFJHitgLbZXBZNFh2cv3AEbp8=
github.com/indece-official/go-gousu v0.0.0-20200105011210-b45c1e593250 h1:AJJ2nL5kSkhzgGzsWT/IAUQdWCBRr8FpielorAL6Usg=
github.com/indece-official/go-gousu v0.0.0-20200105011210-b45c1e593250/go.mod h1:XyiaZkUB062A5TUu8oiZjLlcM4CXL2LysRiOLurmcoI=
github.com/jessevdk/go-flags v1.4.0/go.mod h1:4FA24M0QyGHXBuZZK/XkWh8h0e1EYbRYJSGM75WSRxI=
github.com/joeshaw/multierror v0.0.0-20140124173710-69b34d4ec901/go.mod h1:Z86h9688Y0wesXCyonoVr47MasHilkuLMqGhRZ4Hpak=
github.com/kr/pretty v0.1.0/go.mod h1:dAy3ld7l9f0ibDNOQOHHMYYIIbhfbHSm3C4ZsoJORNo=
github.com/kr/pty v1.1.1/go.mod h1:pFQYn66WHrOpPYNljwOMqo10TkYh1fy3cYio2l3bCsQ=
github.com/kr/text v0.1.0/go.mod h1:4Jbv+DJW3UT/LiOwJeYQe1efqtUx/iVham/4vfdArNI=
github.com/lib/pq v1.2.0/go.mod h1:5WUZQaWbwv1U+lTReE5YruASi9Al49XbQIvNi/34Woo=
github.com/lib/pq v1.3.0 h1:/qkRGz8zljWiDcFvgpwUpwIAPu3r07TDvs3Rws+o/pU=
github.com/lib/pq v1.3.0/go.mod h1:5WUZQaWbwv1U+lTReE5YruASi9Al49XbQIvNi/34Woo=
github.com/linkedin/goavro/v2 v2.9.6/go.mod h1:UgQUb2N/pmueQYH9bfqFioWxzYCZXSfF8Jw03O5sjqA=
github.com/namsral/flag v1.7.4-pre h1:b2ScHhoCUkbsq0d2C15Mv+VU8bl8hAXV8arnWiOHNZs=
github.com/namsral/flag v1.7.4-pre/go.mod h1:OXldTctbM6SWH1K899kPZcf65KxJiD7MsceFUpB5yDo=
github.com/pkg/errors v0.8.0/go.mod h1:bwawxfHBFNV+L2hUp1rHADufV3IMtnDRdf1r5NINEl0=
github.com/pkg/errors v0.8.1/go.mod h1:bwawxfHBFNV+L2hUp1rHADufV3IMtnDRdf1r5NINEl0=
github.com/pmezard/go-difflib v1.0.0 h1:4DBwDE0NGyQoBHbLQYPwSUPoCMWR5BEzIk/f1lZbAQM=
github.com/pmezard/go-difflib v1.0.0/go.mod h1:iKH77koFhYxTK1pcRnkKkqfTogsbg7gZNVY4sRDYZ/4=
github.com/prometheus/procfs v0.0.0-20190425082905-87a4384529e0/go.mod h1:TjEm7ze935MbeOT/UhFTIMYKhuLP4wbCsTZCD3I8kEA=
github.com/prometheus/procfs v0.0.3/go.mod h1:4A/X28fw3Fc593LaREMrKMqOKvUAntwMDaekg4FpcdQ=
github.com/santhosh-tekuri/jsonschema v1.2.4/go.mod h1:TEAUOeZSmIxTTuHatJzrvARHiuO9LYd+cIxzgEHCQI4=
github.com/shurcooL/httpfs v0.0.0-20190707220628-8d4bc4ba7749/go.mod h1:ZY1cvUeJuFPAdZ/B6v7RHavJWZn2YPVFQ1OSXhCGOkg=
github.com/shurcooL/vfsgen v0.0.0-20181202132449-6a9ea43bcacd/go.mod h1:TrYk7fJVaAttu97ZZKrO9UbRa8izdowaMIZcxYMbVaw=
github.com/stretchr/objx v0.1.0/go.mod h1:HFkY916IF+rwdDfMAkV7OtwuqBVzrE8GR6GFx+wExME=
github.com/stretchr/testify v1.3.0/go.mod h1:M5WIy9Dh21IEIfnGCwXGc5bZfKNJtfHm1UVUgZn+9EI=
github.com/stretchr/testify v1.4.0 h1:2E4SXV/wtOkTonXsotYi4li6zVWxYlZuYNCXe9XRJyk=
github.com/stretchr/testify v1.4.0/go.mod h1:j7eGeouHqKxXV5pUuKE4zz7dFj8WfuZ+81PSLYec5m4=
go.elastic.co/apm v1.5.0/go.mod h1:OdB9sPtM6Vt7oz3VXt7+KR96i9li74qrxBGHTQygFvk=
go.elastic.co/fastjson v1.0.0/go.mod h1:PmeUOMMtLHQr9ZS9J9owrAVg0FkaZDRZJEFTTGHtchs=
golang.org/x/crypto v0.0.0-20190308221718-c2843e01d9a2/go.mod h1:djNgcEr1/C05ACkg1iLfiJU5Ep61QUkGW8qpdssI0+w=
golang.org/x/net v0.0.0-20191028085509-fe3aa8a45271/go.mod h1:z5CRVTTTmAJ677TzLLGU+0bjPO0LkuOLi4/5GtJWs/s=
golang.org/x/sync v0.0.0-20181221193216-37e7f081c4d4/go.mod h1:RxMgew5VJxzue5/jJTE5uejpjVlOe/izrB70Jof72aM=
golang.org/x/sys v0.0.0-20190215142949-d0b11bdaac8a/go.mod h1:STP8DvDyc/dI5b8T5hshtkjS+E42TnysNCUPdjciGhY=
golang.org/x/sys v0.0.0-20190425145619-16072639606e/go.mod h1:h1NjWce9XRLGQEsW7wpKNCjG9DtNlClVuFLEZdDNbEs=
golang.org/x/sys v0.0.0-20190726091711-fc99dfbffb4e/go.mod h1:h1NjWce9XRLGQEsW7wpKNCjG9DtNlClVuFLEZdDNbEs=
golang.org/x/text v0.3.0/go.mod h1:NqM8EUOU14njkJ3fqMW+pc6Ldnwhi/IjpwHt7yyuwOQ=
gopkg.in/asn1-ber.v1 v1.0.0-20181015200546-f715ec2f112d/go.mod h1:cuepJuh7vyXfUyUwEgHQXw849cJrilpS5NeIjOWESAw=
gopkg.in/check.v1 v0.0.0-20161208181325-20d25e280405/go.mod h1:Co6ibVJAznAaIkqp8huTwlJQCZ016jof/cbN4VW5Yz0=
gopkg.in/check.v1 v1.0.0-20180628173108-788fd7840127/go.mod h1:Co6ibVJAznAaIkqp8huTwlJQCZ016jof/cbN4VW5Yz0=
gopkg.in/ldap.v3 v3.1.0/go.mod h1:dQjCc0R0kfyFjIlWNMH1DORwUASZyDxo2Ry1B51dXaQ=
gopkg.in/yaml.v2 v2.2.1/go.mod h1:hI93XBmqTisBFMUTm0b8Fm+jr3Dg1NNxqwp+5A1VGuI=
gopkg.in/yaml.v2 v2.2.2 h1:ZCJp+EgiOT7lHqUV2J862kp8Qj64Jo6az82+3Td9dZw=
gopkg.in/yaml.v2 v2.2.2/go.mod h1:hI93XBmqTisBFMUTm0b8Fm+jr3Dg1NNxqwp+5A1VGuI=
howett.net/plist v0.0.0-20181124034731-591f970eefbb/go.mod h1:vMygbs4qMhSZSc4lCUl2OEE+rDiIIJAIdR4m7MiMcm0=
